
Microsoft Visual Studio Solution File, Format Version 12.00
# Visual Studio Version 16
VisualStudioVersion = 16.0.29215.179
MinimumVisualStudioVersion = 10.0.40219.1
Project("{FAE04EC0-301F-11D3-BF4B-00C04F79EFBC}") = "OdeToSports.Web", "OdeToSports\OdeToSports.Web.csproj", "{F30A7F19-3DEF-4C83-9314-7C693BF51B72}"
EndProject
Project("{FAE04EC0-301F-11D3-BF4B-00C04F79EFBC}") = "OdeToSports.Data", "OdeToSports.Data\OdeToSports.Data.csproj", "{9EEF4608-7BE1-41C0-B0B2-0B394F40B210}"
EndProject
Global
	GlobalSection(SolutionConfigurationPlatforms) = preSolution
		Debug|Any CPU = Debug|Any CPU
		Release|Any CPU = Release|Any CPU
	EndGlobalSection
	GlobalSection(ProjectConfigurationPlatforms) = postSolution
		{F30A7F19-3DEF-4C83-9314-7C693BF51B72}.Debug|Any CPU.ActiveCfg = Debug|Any CPU
		{F30A7F19-3DEF-4C83-9314-7C693BF51B72}.Debug|Any CPU.Build.0 = Debug|Any CPU
		{F30A7F19-3DEF-4C83-9314-7C693BF51B72}.Release|Any CPU.ActiveCfg = Release|Any CPU
		{F30A7F19-3DEF-4C83-9314-7C693BF51B72}.Release|Any CPU.Build.0 = Release|Any CPU
		{9EEF4608-7BE1-41C0-B0B2-0B394F40B210}.Debug|Any CPU.ActiveCfg = Debug|Any CPU
		{9EEF4608-7BE1-41C0-B0B2-0B394F40B210}.Debug|Any CPU.Build.0 = Debug|Any CPU
		{9EEF4608-7BE1-41C0-B0B2-0B394F40B210}.Release|Any CPU.ActiveCfg = Release|Any CPU
		{9EEF4608-7BE1-41C0-B0B2-0B394F40B210}.Release|Any CPU.Build.0 = Release|Any CPU
	EndGlobalSection
	GlobalSection(SolutionProperties) = preSolution
		HideSolutionNode = FALSE
	EndGlobalSection
	GlobalSection(ExtensibilityGlobals) = postSolution
		SolutionGuid = {1C3A5B61-83EE-4824-B271-77D3DFB73177}
	EndGlobalSection
EndGlobal
